
Microsoft Visual Studio Solution File, Format Version 12.00
# Visual Studio Version 16
VisualStudioVersion = 16.0.30002.166
MinimumVisualStudioVersion = 10.0.40219.1
Project("{FAE04EC0-301F-11D3-BF4B-00C04F79EFBC}") = "ConsoleApp5", "ConsoleApp5\ConsoleApp5.csproj", "{0ADB1CC4-995F-49D3-8707-7D879E66E376}"
EndProject
Global
	GlobalSection(SolutionConfigurationPlatforms) = preSolution
		Debug|Any CPU = Debug|Any CPU
		Release|Any CPU = Release|Any CPU
	EndGlobalSection
	GlobalSection(ProjectConfigurationPlatforms) = postSolution
		{0ADB1CC4-995F-49D3-8707-7D879E66E376}.Debug|Any CPU.ActiveCfg = Debug|Any CPU
		{0ADB1CC4-995F-49D3-8707-7D879E66E376}.Debug|Any CPU.Build.0 = Debug|Any CPU
		{0ADB1CC4-995F-49D3-8707-7D879E66E376}.Release|Any CPU.ActiveCfg = Release|Any CPU
		{0ADB1CC4-995F-49D3-8707-7D879E66E376}.Release|Any CPU.Build.0 = Release|Any CPU
	EndGlobalSection
	GlobalSection(SolutionProperties) = preSolution
		HideSolutionNode = FALSE
	EndGlobalSection
	GlobalSection(ExtensibilityGlobals) = postSolution
		SolutionGuid = {0065B69C-1D7E-4497-9092-734A4E57F680}
	EndGlobalSection
EndGlobal
